// !$*UTF8*$!
{
	archiveVersion = 1;
	classes = {
	};
	objectVersion = 50;
	objects = {

/* Begin PBXBuildFile section */
		85D27FCA22DFB1EB00166936 /* AppDelegate.swift in Sources */ = {isa = PBXBuildFile; fileRef = 85D27FC922DFB1EB00166936 /* AppDelegate.swift */; };
		85D27FCC22DFB1EB00166936 /* ViewController.swift in Sources */ = {isa = PBXBuildFile; fileRef = 85D27FCB22DFB1EB00166936 /* ViewController.swift */; };
		85D27FCF22DFB1EB00166936 /* Main.storyboard in Resources */ = {isa = PBXBuildFile; fileRef = 85D27FCD22DFB1EB00166936 /* Main.storyboard */; };
		85D27FD222DFB1EB00166936 /* amessage.xcdatamodeld in Sources */ = {isa = PBXBuildFile; fileRef = 85D27FD022DFB1EB00166936 /* amessage.xcdatamodeld */; };
		85D27FD422DFB1EC00166936 /* Assets.xcassets in Resources */ = {isa = PBXBuildFile; fileRef = 85D27FD322DFB1EC00166936 /* Assets.xcassets */; };
		85D27FD722DFB1EC00166936 /* LaunchScreen.storyboard in Resources */ = {isa = PBXBuildFile; fileRef = 85D27FD522DFB1EC00166936 /* LaunchScreen.storyboard */; };
		85D27FE222DFB1EC00166936 /* amessageTests.swift in Sources */ = {isa = PBXBuildFile; fileRef = 85D27FE122DFB1EC00166936 /* amessageTests.swift */; };
		85D27FED22DFB1EC00166936 /* amessageUITests.swift in Sources */ = {isa = PBXBuildFile; fileRef = 85D27FEC22DFB1EC00166936 /* amessageUITests.swift */; };
		85D27FFB22DFCE8600166936 /* README.md in Resources */ = {isa = PBXBuildFile; fileRef = 85D27FFA22DFCE8600166936 /* README.md */; };
		85D2800522E00EF400166936 /* ibs.properties in Resources */ = {isa = PBXBuildFile; fileRef = 85D2800222E00EF400166936 /* ibs.properties */; };
		85D2800622E00EF400166936 /* ibs in Resources */ = {isa = PBXBuildFile; fileRef = 85D2800322E00EF400166936 /* ibs */; };
		85D2800722E00EF400166936 /* build.ibs in Resources */ = {isa = PBXBuildFile; fileRef = 85D2800422E00EF400166936 /* build.ibs */; };
/* End PBXBuildFile section */

/* Begin PBXContainerItemProxy section */
		85D27FDE22DFB1EC00166936 /* PBXContainerItemProxy */ = {
			isa = PBXContainerItemProxy;
			containerPortal = 85D27FBE22DFB1EB00166936 /* Project object */;
			proxyType = 1;
			remoteGlobalIDString = 85D27FC522DFB1EB00166936;
			remoteInfo = amessage;
		};
		85D27FE922DFB1EC00166936 /* PBXContainerItemProxy */ = {
			isa = PBXContainerItemProxy;
			containerPortal = 85D27FBE22DFB1EB00166936 /* Project object */;
			proxyType = 1;
			remoteGlobalIDString = 85D27FC522DFB1EB00166936;
			remoteInfo = amessage;
		};
/* End PBXContainerItemProxy section */

/* Begin PBXFileReference section */
		85D27FC622DFB1EB00166936 /* amessage.app */ = {isa = PBXFileReference; explicitFileType = wrapper.application; includeInIndex = 0; path = amessage.app; sourceTree = BUILT_PRODUCTS_DIR; };
		85D27FC922DFB1EB00166936 /* AppDelegate.swift */ = {isa = PBXFileReference; lastKnownFileType = sourcecode.swift; path = AppDelegate.swift; sourceTree = "<group>"; };
		85D27FCB22DFB1EB00166936 /* ViewController.swift */ = {isa = PBXFileReference; lastKnownFileType = sourcecode.swift; path = ViewController.swift; sourceTree = "<group>"; };
		85D27FCE22DFB1EB00166936 /* Base */ = {isa = PBXFileReference; lastKnownFileType = file.storyboard; name = Base; path = Base.lproj/Main.storyboard; sourceTree = "<group>"; };
		85D27FD122DFB1EB00166936 /* amessage.xcdatamodel */ = {isa = PBXFileReference; lastKnownFileType = wrapper.xcdatamodel; path = amessage.xcdatamodel; sourceTree = "<group>"; };
		85D27FD322DFB1EC00166936 /* Assets.xcassets */ = {isa = PBXFileReference; lastKnownFileType = folder.assetcatalog; path = Assets.xcassets; sourceTree = "<group>"; };
		85D27FD622DFB1EC00166936 /* Base */ = {isa = PBXFileReference; lastKnownFileType = file.storyboard; name = Base; path = Base.lproj/LaunchScreen.storyboard; sourceTree = "<group>"; };
		85D27FD822DFB1EC00166936 /* Info.plist */ = {isa = PBXFileReference; lastKnownFileType = text.plist.xml; path = Info.plist; sourceTree = "<group>"; };
		85D27FDD22DFB1EC00166936 /* amessageTests.xctest */ = {isa = PBXFileReference; explicitFileType = wrapper.cfbundle; includeInIndex = 0; path = amessageTests.xctest; sourceTree = BUILT_PRODUCTS_DIR; };
		85D27FE122DFB1EC00166936 /* amessageTests.swift */ = {isa = PBXFileReference; lastKnownFileType = sourcecode.swift; path = amessageTests.swift; sourceTree = "<group>"; };
		85D27FE322DFB1EC00166936 /* Info.plist */ = {isa = PBXFileReference; lastKnownFileType = text.plist.xml; path = Info.plist; sourceTree = "<group>"; };
		85D27FE822DFB1EC00166936 /* amessageUITests.xctest */ = {isa = PBXFileReference; explicitFileType = wrapper.cfbundle; includeInIndex = 0; path = amessageUITests.xctest; sourceTree = BUILT_PRODUCTS_DIR; };
		85D27FEC22DFB1EC00166936 /* amessageUITests.swift */ = {isa = PBXFileReference; lastKnownFileType = sourcecode.swift; path = amessageUITests.swift; sourceTree = "<group>"; };
		85D27FEE22DFB1EC00166936 /* Info.plist */ = {isa = PBXFileReference; lastKnownFileType = text.plist.xml; path = Info.plist; sourceTree = "<group>"; };
		85D27FFA22DFCE8600166936 /* README.md */ = {isa = PBXFileReference; fileEncoding = 4; lastKnownFileType = net.daringfireball.markdown; path = README.md; sourceTree = "<group>"; };
		85D2800222E00EF400166936 /* ibs.properties */ = {isa = PBXFileReference; fileEncoding = 4; lastKnownFileType = text; path = ibs.properties; sourceTree = "<group>"; };
		85D2800322E00EF400166936 /* ibs */ = {isa = PBXFileReference; fileEncoding = 4; lastKnownFileType = text.script.sh; path = ibs; sourceTree = "<group>"; };
		85D2800422E00EF400166936 /* build.ibs */ = {isa = PBXFileReference; fileEncoding = 4; lastKnownFileType = text.script.sh; path = build.ibs; sourceTree = "<group>"; };
/* End PBXFileReference section */

/* Begin PBXFrameworksBuildPhase section */
		85D27FC322DFB1EB00166936 /* Frameworks */ = {
			isa = PBXFrameworksBuildPhase;
			buildActionMask = 2147483647;
			files = (
			);
			runOnlyForDeploymentPostprocessing = 0;
		};
		85D27FDA22DFB1EC00166936 /* Frameworks */ = {
			isa = PBXFrameworksBuildPhase;
			buildActionMask = 2147483647;
			files = (
			);
			runOnlyForDeploymentPostprocessing = 0;
		};
		85D27FE522DFB1EC00166936 /* Frameworks */ = {
			isa = PBXFrameworksBuildPhase;
			buildActionMask = 2147483647;
			files = (
			);
			runOnlyForDeploymentPostprocessing = 0;
		};
/* End PBXFrameworksBuildPhase section */

/* Begin PBXGroup section */
		85D27FBD22DFB1EB00166936 = {
			isa = PBXGroup;
			children = (
				85D2800422E00EF400166936 /* build.ibs */,
				85D2800322E00EF400166936 /* ibs */,
				85D2800222E00EF400166936 /* ibs.properties */,
				85D27FFA22DFCE8600166936 /* README.md */,
				85D27FC822DFB1EB00166936 /* amessage */,
				85D27FE022DFB1EC00166936 /* amessageTests */,
				85D27FEB22DFB1EC00166936 /* amessageUITests */,
				85D27FC722DFB1EB00166936 /* Products */,
			);
			sourceTree = "<group>";
		};
		85D27FC722DFB1EB00166936 /* Products */ = {
			isa = PBXGroup;
			children = (
				85D27FC622DFB1EB00166936 /* amessage.app */,
				85D27FDD22DFB1EC00166936 /* amessageTests.xctest */,
				85D27FE822DFB1EC00166936 /* amessageUITests.xctest */,
			);
			name = Products;
			sourceTree = "<group>";
		};
		85D27FC822DFB1EB00166936 /* amessage */ = {
			isa = PBXGroup;
			children = (
				85D27FC922DFB1EB00166936 /* AppDelegate.swift */,
				85D27FCB22DFB1EB00166936 /* ViewController.swift */,
				85D27FCD22DFB1EB00166936 /* Main.storyboard */,
				85D27FD322DFB1EC00166936 /* Assets.xcassets */,
				85D27FD522DFB1EC00166936 /* LaunchScreen.storyboard */,
				85D27FD822DFB1EC00166936 /* Info.plist */,
				85D27FD022DFB1EB00166936 /* amessage.xcdatamodeld */,
			);
			path = amessage;
			sourceTree = "<group>";
		};
		85D27FE022DFB1EC00166936 /* amessageTests */ = {
			isa = PBXGroup;
			children = (
				85D27FE122DFB1EC00166936 /* amessageTests.swift */,
				85D27FE322DFB1EC00166936 /* Info.plist */,
			);
			path = amessageTests;
			sourceTree = "<group>";
		};
		85D27FEB22DFB1EC00166936 /* amessageUITests */ = {
			isa = PBXGroup;
			children = (
				85D27FEC22DFB1EC00166936 /* amessageUITests.swift */,
				85D27FEE22DFB1EC00166936 /* Info.plist */,
			);
			path = amessageUITests;
			sourceTree = "<group>";
		};
/* End PBXGroup section */

/* Begin PBXNativeTarget section */
		85D27FC522DFB1EB00166936 /* amessage */ = {
			isa = PBXNativeTarget;
			buildConfigurationList = 85D27FF122DFB1EC00166936 /* Build configuration list for PBXNativeTarget "amessage" */;
			buildPhases = (
				85D27FC222DFB1EB00166936 /* Sources */,
				85D27FC322DFB1EB00166936 /* Frameworks */,
				85D27FC422DFB1EB00166936 /* Resources */,
				85D2800E22E0104A00166936 /* Set Build and Version Numbers */,
			);
			buildRules = (
			);
			dependencies = (
			);
			name = amessage;
			productName = amessage;
			productReference = 85D27FC622DFB1EB00166936 /* amessage.app */;
			productType = "com.apple.product-type.application";
		};
		85D27FDC22DFB1EC00166936 /* amessageTests */ = {
			isa = PBXNativeTarget;
			buildConfigurationList = 85D27FF422DFB1EC00166936 /* Build configuration list for PBXNativeTarget "amessageTests" */;
			buildPhases = (
				85D27FD922DFB1EC00166936 /* Sources */,
				85D27FDA22DFB1EC00166936 /* Frameworks */,
				85D27FDB22DFB1EC00166936 /* Resources */,
			);
			buildRules = (
			);
			dependencies = (
				85D27FDF22DFB1EC00166936 /* PBXTargetDependency */,
			);
			name = amessageTests;
			productName = amessageTests;
			productReference = 85D27FDD22DFB1EC00166936 /* amessageTests.xctest */;
			productType = "com.apple.product-type.bundle.unit-test";
		};
		85D27FE722DFB1EC00166936 /* amessageUITests */ = {
			isa = PBXNativeTarget;
			buildConfigurationList = 85D27FF722DFB1EC00166936 /* Build configuration list for PBXNativeTarget "amessageUITests" */;
			buildPhases = (
				85D27FE422DFB1EC00166936 /* Sources */,
				85D27FE522DFB1EC00166936 /* Frameworks */,
				85D27FE622DFB1EC00166936 /* Resources */,
			);
			buildRules = (
			);
			dependencies = (
				85D27FEA22DFB1EC00166936 /* PBXTargetDependency */,
			);
			name = amessageUITests;
			productName = amessageUITests;
			productReference = 85D27FE822DFB1EC00166936 /* amessageUITests.xctest */;
			productType = "com.apple.product-type.bundle.ui-testing";
		};
/* End PBXNativeTarget section */

/* Begin PBXProject section */
		85D27FBE22DFB1EB00166936 /* Project object */ = {
			isa = PBXProject;
			attributes = {
				LastSwiftUpdateCheck = 1020;
				LastUpgradeCheck = 1020;
				ORGANIZATIONNAME = "Moonlit Door";
				TargetAttributes = {
					85D27FC522DFB1EB00166936 = {
						CreatedOnToolsVersion = 10.2.1;
					};
					85D27FDC22DFB1EC00166936 = {
						CreatedOnToolsVersion = 10.2.1;
						TestTargetID = 85D27FC522DFB1EB00166936;
					};
					85D27FE722DFB1EC00166936 = {
						CreatedOnToolsVersion = 10.2.1;
						TestTargetID = 85D27FC522DFB1EB00166936;
					};
				};
			};
			buildConfigurationList = 85D27FC122DFB1EB00166936 /* Build configuration list for PBXProject "amessage" */;
			compatibilityVersion = "Xcode 9.3";
			developmentRegion = en;
			hasScannedForEncodings = 0;
			knownRegions = (
				en,
				Base,
			);
			mainGroup = 85D27FBD22DFB1EB00166936;
			productRefGroup = 85D27FC722DFB1EB00166936 /* Products */;
			projectDirPath = "";
			projectRoot = "";
			targets = (
				85D27FC522DFB1EB00166936 /* amessage */,
				85D27FDC22DFB1EC00166936 /* amessageTests */,
				85D27FE722DFB1EC00166936 /* amessageUITests */,
			);
		};
/* End PBXProject section */

/* Begin PBXResourcesBuildPhase section */
		85D27FC422DFB1EB00166936 /* Resources */ = {
			isa = PBXResourcesBuildPhase;
			buildActionMask = 2147483647;
			files = (
				85D2800522E00EF400166936 /* ibs.properties in Resources */,
				85D27FD722DFB1EC00166936 /* LaunchScreen.storyboard in Resources */,
				85D27FD422DFB1EC00166936 /* Assets.xcassets in Resources */,
				85D2800622E00EF400166936 /* ibs in Resources */,
				85D2800722E00EF400166936 /* build.ibs in Resources */,
				85D27FFB22DFCE8600166936 /* README.md in Resources */,
				85D27FCF22DFB1EB00166936 /* Main.storyboard in Resources */,
			);
			runOnlyForDeploymentPostprocessing = 0;
		};
		85D27FDB22DFB1EC00166936 /* Resources */ = {
			isa = PBXResourcesBuildPhase;
			buildActionMask = 2147483647;
			files = (
			);
			runOnlyForDeploymentPostprocessing = 0;
		};
		85D27FE622DFB1EC00166936 /* Resources */ = {
			isa = PBXResourcesBuildPhase;
			buildActionMask = 2147483647;
			files = (
			);
			runOnlyForDeploymentPostprocessing = 0;
		};
/* End PBXResourcesBuildPhase section */

/* Begin PBXShellScriptBuildPhase section */
		85D2800E22E0104A00166936 /* Set Build and Version Numbers */ = {
			isa = PBXShellScriptBuildPhase;
			buildActionMask = 2147483647;
			files = (
			);
			inputFileListPaths = (
			);
			inputPaths = (
				"$(TARGET_BUILD_DIR)/$(INFOPLIST_PATH)",
			);
			name = "Set Build and Version Numbers";
			outputFileListPaths = (
			);
			outputPaths = (
			);
			runOnlyForDeploymentPostprocessing = 0;
			shellPath = /bin/sh;
			shellScript = "# Type a script or drag a script file from your workspace toinsert its path.\n$SRCROOT/.ibs/set_build_and_version_numbers.sh\n";
		};
/* End PBXShellScriptBuildPhase section */

/* Begin PBXSourcesBuildPhase section */
		85D27FC222DFB1EB00166936 /* Sources */ = {
			isa = PBXSourcesBuildPhase;
			buildActionMask = 2147483647;
			files = (
				85D27FCC22DFB1EB00166936 /* ViewController.swift in Sources */,
				85D27FCA22DFB1EB00166936 /* AppDelegate.swift in Sources */,
				85D27FD222DFB1EB00166936 /* amessage.xcdatamodeld in Sources */,
			);
			runOnlyForDeploymentPostprocessing = 0;
		};
		85D27FD922DFB1EC00166936 /* Sources */ = {
			isa = PBXSourcesBuildPhase;
			buildActionMask = 2147483647;
			files = (
				85D27FE222DFB1EC00166936 /* amessageTests.swift in Sources */,
			);
			runOnlyForDeploymentPostprocessing = 0;
		};
		85D27FE422DFB1EC00166936 /* Sources */ = {
			isa = PBXSourcesBuildPhase;
			buildActionMask = 2147483647;
			files = (
				85D27FED22DFB1EC00166936 /* amessageUITests.swift in Sources */,
			);
			runOnlyForDeploymentPostprocessing = 0;
		};
/* End PBXSourcesBuildPhase section */

/* Begin PBXTargetDependency section */
		85D27FDF22DFB1EC00166936 /* PBXTargetDependency */ = {
			isa = PBXTargetDependency;
			target = 85D27FC522DFB1EB00166936 /* amessage */;
			targetProxy = 85D27FDE22DFB1EC00166936 /* PBXContainerItemProxy */;
		};
		85D27FEA22DFB1EC00166936 /* PBXTargetDependency */ = {
			isa = PBXTargetDependency;
			target = 85D27FC522DFB1EB00166936 /* amessage */;
			targetProxy = 85D27FE922DFB1EC00166936 /* PBXContainerItemProxy */;
		};
/* End PBXTargetDependency section */

/* Begin PBXVariantGroup section */
		85D27FCD22DFB1EB00166936 /* Main.storyboard */ = {
			isa = PBXVariantGroup;
			children = (
				85D27FCE22DFB1EB00166936 /* Base */,
			);
			name = Main.storyboard;
			sourceTree = "<group>";
		};
		85D27FD522DFB1EC00166936 /* LaunchScreen.storyboard */ = {
			isa = PBXVariantGroup;
			children = (
				85D27FD622DFB1EC00166936 /* Base */,
			);
			name = LaunchScreen.storyboard;
			sourceTree = "<group>";
		};
/* End PBXVariantGroup section */

/* Begin XCBuildConfiguration section */
		85D27FEF22DFB1EC00166936 /* Debug */ = {
			isa = XCBuildConfiguration;
			buildSettings = {
				ALWAYS_SEARCH_USER_PATHS = NO;
				CLANG_ANALYZER_NONNULL = YES;
				CLANG_ANALYZER_NUMBER_OBJECT_CONVERSION = YES_AGGRESSIVE;
				CLANG_CXX_LANGUAGE_STANDARD = "gnu++14";
				CLANG_CXX_LIBRARY = "libc++";
				CLANG_ENABLE_MODULES = YES;
				CLANG_ENABLE_OBJC_ARC = YES;
				CLANG_ENABLE_OBJC_WEAK = YES;
				CLANG_WARN_BLOCK_CAPTURE_AUTORELEASING = YES;
				CLANG_WARN_BOOL_CONVERSION = YES;
				CLANG_WARN_COMMA = YES;
				CLANG_WARN_CONSTANT_CONVERSION = YES;
				CLANG_WARN_DEPRECATED_OBJC_IMPLEMENTATIONS = YES;
				CLANG_WARN_DIRECT_OBJC_ISA_USAGE = YES_ERROR;
				CLANG_WARN_DOCUMENTATION_COMMENTS = YES;
				CLANG_WARN_EMPTY_BODY = YES;
				CLANG_WARN_ENUM_CONVERSION = YES;
				CLANG_WARN_INFINITE_RECURSION = YES;
				CLANG_WARN_INT_CONVERSION = YES;
				CLANG_WARN_NON_LITERAL_NULL_CONVERSION = YES;
				CLANG_WARN_OBJC_IMPLICIT_RETAIN_SELF = YES;
				CLANG_WARN_OBJC_LITERAL_CONVERSION = YES;
				CLANG_WARN_OBJC_ROOT_CLASS = YES_ERROR;
				CLANG_WARN_RANGE_LOOP_ANALYSIS = YES;
				CLANG_WARN_STRICT_PROTOTYPES = YES;
				CLANG_WARN_SUSPICIOUS_MOVE = YES;
				CLANG_WARN_UNGUARDED_AVAILABILITY = YES_AGGRESSIVE;
				CLANG_WARN_UNREACHABLE_CODE = YES;
				CLANG_WARN__DUPLICATE_METHOD_MATCH = YES;
				CODE_SIGN_IDENTITY = "iPhone Developer";
				COPY_PHASE_STRIP = NO;
				DEBUG_INFORMATION_FORMAT = dwarf;
				ENABLE_STRICT_OBJC_MSGSEND = YES;
				ENABLE_TESTABILITY = YES;
				GCC_C_LANGUAGE_STANDARD = gnu11;
				GCC_DYNAMIC_NO_PIC = NO;
				GCC_NO_COMMON_BLOCKS = YES;
				GCC_OPTIMIZATION_LEVEL = 0;
				GCC_PREPROCESSOR_DEFINITIONS = (
					"DEBUG=1",
					"$(inherited)",
				);
				GCC_WARN_64_TO_32_BIT_CONVERSION = YES;
				GCC_WARN_ABOUT_RETURN_TYPE = YES_ERROR;
				GCC_WARN_UNDECLARED_SELECTOR = YES;
				GCC_WARN_UNINITIALIZED_AUTOS = YES_AGGRESSIVE;
				GCC_WARN_UNUSED_FUNCTION = YES;
				GCC_WARN_UNUSED_VARIABLE = YES;
				IPHONEOS_DEPLOYMENT_TARGET = 12.2;
				MTL_ENABLE_DEBUG_INFO = INCLUDE_SOURCE;
				MTL_FAST_MATH = YES;
				ONLY_ACTIVE_ARCH = YES;
				SDKROOT = iphoneos;
				SWIFT_ACTIVE_COMPILATION_CONDITIONS = DEBUG;
				SWIFT_OPTIMIZATION_LEVEL = "-Onone";
			};
			name = Debug;
		};
		85D27FF022DFB1EC00166936 /* Release */ = {
			isa = XCBuildConfiguration;
			buildSettings = {
				ALWAYS_SEARCH_USER_PATHS = NO;
				CLANG_ANALYZER_NONNULL = YES;
				CLANG_ANALYZER_NUMBER_OBJECT_CONVERSION = YES_AGGRESSIVE;
				CLANG_CXX_LANGUAGE_STANDARD = "gnu++14";
				CLANG_CXX_LIBRARY = "libc++";
				CLANG_ENABLE_MODULES = YES;
				CLANG_ENABLE_OBJC_ARC = YES;
				CLANG_ENABLE_OBJC_WEAK = YES;
				CLANG_WARN_BLOCK_CAPTURE_AUTORELEASING = YES;
				CLANG_WARN_BOOL_CONVERSION = YES;
				CLANG_WARN_COMMA = YES;
				CLANG_WARN_CONSTANT_CONVERSION = YES;
				CLANG_WARN_DEPRECATED_OBJC_IMPLEMENTATIONS = YES;
				CLANG_WARN_DIRECT_OBJC_ISA_USAGE = YES_ERROR;
				CLANG_WARN_DOCUMENTATION_COMMENTS = YES;
				CLANG_WARN_EMPTY_BODY = YES;
				CLANG_WARN_ENUM_CONVERSION = YES;
				CLANG_WARN_INFINITE_RECURSION = YES;
				CLANG_WARN_INT_CONVERSION = YES;
				CLANG_WARN_NON_LITERAL_NULL_CONVERSION = YES;
				CLANG_WARN_OBJC_IMPLICIT_RETAIN_SELF = YES;
				CLANG_WARN_OBJC_LITERAL_CONVERSION = YES;
				CLANG_WARN_OBJC_ROOT_CLASS = YES_ERROR;
				CLANG_WARN_RANGE_LOOP_ANALYSIS = YES;
				CLANG_WARN_STRICT_PROTOTYPES = YES;
				CLANG_WARN_SUSPICIOUS_MOVE = YES;
				CLANG_WARN_UNGUARDED_AVAILABILITY = YES_AGGRESSIVE;
				CLANG_WARN_UNREACHABLE_CODE = YES;
				CLANG_WARN__DUPLICATE_METHOD_MATCH = YES;
				CODE_SIGN_IDENTITY = "iPhone Developer";
				COPY_PHASE_STRIP = NO;
				DEBUG_INFORMATION_FORMAT = "dwarf-with-dsym";
				ENABLE_NS_ASSERTIONS = NO;
				ENABLE_STRICT_OBJC_MSGSEND = YES;
				GCC_C_LANGUAGE_STANDARD = gnu11;
				GCC_NO_COMMON_BLOCKS = YES;
				GCC_WARN_64_TO_32_BIT_CONVERSION = YES;
				GCC_WARN_ABOUT_RETURN_TYPE = YES_ERROR;
				GCC_WARN_UNDECLARED_SELECTOR = YES;
				GCC_WARN_UNINITIALIZED_AUTOS = YES_AGGRESSIVE;
				GCC_WARN_UNUSED_FUNCTION = YES;
				GCC_WARN_UNUSED_VARIABLE = YES;
				IPHONEOS_DEPLOYMENT_TARGET = 12.2;
				MTL_ENABLE_DEBUG_INFO = NO;
				MTL_FAST_MATH = YES;
				SDKROOT = iphoneos;
				SWIFT_COMPILATION_MODE = wholemodule;
				SWIFT_OPTIMIZATION_LEVEL = "-O";
				VALIDATE_PRODUCT = YES;
			};
			name = Release;
		};
		85D27FF222DFB1EC00166936 /* Debug */ = {
			isa = XCBuildConfiguration;
			buildSettings = {
				ASSETCATALOG_COMPILER_APPICON_NAME = AppIcon;
				CODE_SIGN_STYLE = Automatic;
				DEVELOPMENT_TEAM = 5KDYB4RPC3;
				INFOPLIST_FILE = amessage/Info.plist;
				LD_RUNPATH_SEARCH_PATHS = (
					"$(inherited)",
					"@executable_path/Frameworks",
				);
				PRODUCT_BUNDLE_IDENTIFIER = com.moonlitdoor.amessage;
				PRODUCT_NAME = "$(TARGET_NAME)";
				SWIFT_VERSION = 5.0;
				TARGETED_DEVICE_FAMILY = "1,2";
			};
			name = Debug;
		};
		85D27FF322DFB1EC00166936 /* Release */ = {
			isa = XCBuildConfiguration;
			buildSettings = {
				ASSETCATALOG_COMPILER_APPICON_NAME = AppIcon;
				CODE_SIGN_STYLE = Automatic;
				DEVELOPMENT_TEAM = 5KDYB4RPC3;
				INFOPLIST_FILE = amessage/Info.plist;
				LD_RUNPATH_SEARCH_PATHS = (
					"$(inherited)",
					"@executable_path/Frameworks",
				);
				PRODUCT_BUNDLE_IDENTIFIER = com.moonlitdoor.amessage;
				PRODUCT_NAME = "$(TARGET_NAME)";
				SWIFT_VERSION = 5.0;
				TARGETED_DEVICE_FAMILY = "1,2";
			};
			name = Release;
		};
		85D27FF522DFB1EC00166936 /* Debug */ = {
			isa = XCBuildConfiguration;
			buildSettings = {
				ALWAYS_EMBED_SWIFT_STANDARD_LIBRARIES = YES;
				BUNDLE_LOADER = "$(TEST_HOST)";
				CODE_SIGN_STYLE = Automatic;
				DEVELOPMENT_TEAM = 5KDYB4RPC3;
				INFOPLIST_FILE = amessageTests/Info.plist;
				LD_RUNPATH_SEARCH_PATHS = (
					"$(inherited)",
					"@executable_path/Frameworks",
					"@loader_path/Frameworks",
				);
				PRODUCT_BUNDLE_IDENTIFIER = com.moonlitdoor.amessageTests;
				PRODUCT_NAME = "$(TARGET_NAME)";
				SWIFT_VERSION = 5.0;
				TARGETED_DEVICE_FAMILY = "1,2";
				TEST_HOST = "$(BUILT_PRODUCTS_DIR)/amessage.app/amessage";
			};
			name = Debug;
		};
		85D27FF622DFB1EC00166936 /* Release */ = {
			isa = XCBuildConfiguration;
			buildSettings = {
				ALWAYS_EMBED_SWIFT_STANDARD_LIBRARIES = YES;
				BUNDLE_LOADER = "$(TEST_HOST)";
				CODE_SIGN_STYLE = Automatic;
				DEVELOPMENT_TEAM = 5KDYB4RPC3;
				INFOPLIST_FILE = amessageTests/Info.plist;
				LD_RUNPATH_SEARCH_PATHS = (
					"$(inherited)",
					"@executable_path/Frameworks",
					"@loader_path/Frameworks",
				);
				PRODUCT_BUNDLE_IDENTIFIER = com.moonlitdoor.amessageTests;
				PRODUCT_NAME = "$(TARGET_NAME)";
				SWIFT_VERSION = 5.0;
				TARGETED_DEVICE_FAMILY = "1,2";
				TEST_HOST = "$(BUILT_PRODUCTS_DIR)/amessage.app/amessage";
			};
			name = Release;
		};
		85D27FF822DFB1EC00166936 /* Debug */ = {
			isa = XCBuildConfiguration;
			buildSettings = {
				ALWAYS_EMBED_SWIFT_STANDARD_LIBRARIES = YES;
				CODE_SIGN_STYLE = Automatic;
				DEVELOPMENT_TEAM = 5KDYB4RPC3;
				INFOPLIST_FILE = amessageUITests/Info.plist;
				LD_RUNPATH_SEARCH_PATHS = (
					"$(inherited)",
					"@executable_path/Frameworks",
					"@loader_path/Frameworks",
				);
				PRODUCT_BUNDLE_IDENTIFIER = com.moonlitdoor.amessageUITests;
				PRODUCT_NAME = "$(TARGET_NAME)";
				SWIFT_VERSION = 5.0;
				TARGETED_DEVICE_FAMILY = "1,2";
				TEST_TARGET_NAME = amessage;
			};
			name = Debug;
		};
		85D27FF922DFB1EC00166936 /* Release */ = {
			isa = XCBuildConfiguration;
			buildSettings = {
				ALWAYS_EMBED_SWIFT_STANDARD_LIBRARIES = YES;
				CODE_SIGN_STYLE = Automatic;
				DEVELOPMENT_TEAM = 5KDYB4RPC3;
				INFOPLIST_FILE = amessageUITests/Info.plist;
				LD_RUNPATH_SEARCH_PATHS = (
					"$(inherited)",
					"@executable_path/Frameworks",
					"@loader_path/Frameworks",
				);
				PRODUCT_BUNDLE_IDENTIFIER = com.moonlitdoor.amessageUITests;
				PRODUCT_NAME = "$(TARGET_NAME)";
				SWIFT_VERSION = 5.0;
				TARGETED_DEVICE_FAMILY = "1,2";
				TEST_TARGET_NAME = amessage;
			};
			name = Release;
		};
/* End XCBuildConfiguration section */

/* Begin XCConfigurationList section */
		85D27FC122DFB1EB00166936 /* Build configuration list for PBXProject "amessage" */ = {
			isa = XCConfigurationList;
			buildConfigurations = (
				85D27FEF22DFB1EC00166936 /* Debug */,
				85D27FF022DFB1EC00166936 /* Release */,
			);
			defaultConfigurationIsVisible = 0;
			defaultConfigurationName = Release;
		};
		85D27FF122DFB1EC00166936 /* Build configuration list for PBXNativeTarget "amessage" */ = {
			isa = XCConfigurationList;
			buildConfigurations = (
				85D27FF222DFB1EC00166936 /* Debug */,
				85D27FF322DFB1EC00166936 /* Release */,
			);
			defaultConfigurationIsVisible = 0;
			defaultConfigurationName = Release;
		};
		85D27FF422DFB1EC00166936 /* Build configuration list for PBXNativeTarget "amessageTests" */ = {
			isa = XCConfigurationList;
			buildConfigurations = (
				85D27FF522DFB1EC00166936 /* Debug */,
				85D27FF622DFB1EC00166936 /* Release */,
			);
			defaultConfigurationIsVisible = 0;
			defaultConfigurationName = Release;
		};
		85D27FF722DFB1EC00166936 /* Build configuration list for PBXNativeTarget "amessageUITests" */ = {
			isa = XCConfigurationList;
			buildConfigurations = (
				85D27FF822DFB1EC00166936 /* Debug */,
				85D27FF922DFB1EC00166936 /* Release */,
			);
			defaultConfigurationIsVisible = 0;
			defaultConfigurationName = Release;
		};
/* End XCConfigurationList section */

/* Begin XCVersionGroup section */
		85D27FD022DFB1EB00166936 /* amessage.xcdatamodeld */ = {
			isa = XCVersionGroup;
			children = (
				85D27FD122DFB1EB00166936 /* amessage.xcdatamodel */,
			);
			currentVersion = 85D27FD122DFB1EB00166936 /* amessage.xcdatamodel */;
			path = amessage.xcdatamodeld;
			sourceTree = "<group>";
			versionGroupType = wrapper.xcdatamodel;
		};
/* End XCVersionGroup section */
	};
	rootObject = 85D27FBE22DFB1EB00166936 /* Project object */;
}
